
Microsoft Visual Studio Solution File, Format Version 12.00
# Visual Studio Version 16
VisualStudioVersion = 16.0.28803.352
MinimumVisualStudioVersion = 10.0.40219.1
Project("{FAE04EC0-301F-11D3-BF4B-00C04F79EFBC}") = "FF12", "FF12\FF12.csproj", "{BDA3FE25-7834-4BC2-A9BB-4D00A5AD802A}"
EndProject
Global
	GlobalSection(SolutionConfigurationPlatforms) = preSolution
		Debug|Any CPU = Debug|Any CPU
		Release|Any CPU = Release|Any CPU
	EndGlobalSection
	GlobalSection(ProjectConfigurationPlatforms) = postSolution
		{BDA3FE25-7834-4BC2-A9BB-4D00A5AD802A}.Debug|Any CPU.ActiveCfg = Debug|Any CPU
		{BDA3FE25-7834-4BC2-A9BB-4D00A5AD802A}.Debug|Any CPU.Build.0 = Debug|Any CPU
		{BDA3FE25-7834-4BC2-A9BB-4D00A5AD802A}.Release|Any CPU.ActiveCfg = Release|Any CPU
		{BDA3FE25-7834-4BC2-A9BB-4D00A5AD802A}.Release|Any CPU.Build.0 = Release|Any CPU
	EndGlobalSection
	GlobalSection(SolutionProperties) = preSolution
		HideSolutionNode = FALSE
	EndGlobalSection
	GlobalSection(ExtensibilityGlobals) = postSolution
		SolutionGuid = {8FD64A2A-B54E-4533-9A7F-BA75F5144AF3}
	EndGlobalSection
EndGlobal
